
Microsoft Visual Studio Solution File, Format Version 12.00
# Visual Studio Version 17
VisualStudioVersion = 17.7.34024.191
MinimumVisualStudioVersion = 10.0.40219.1
Project("{9A19103F-16F7-4668-BE54-9A1E7A4F7556}") = "Totoloto", "Totoloto\Totoloto.csproj", "{8C1C13E8-E5C1-4525-BBB7-E6CE91095CEF}"
EndProject
Project("{9A19103F-16F7-4668-BE54-9A1E7A4F7556}") = "TotolotoRepository", "TotolotoRepository\TotolotoRepository.csproj", "{E668918F-BBC0-4A9D-A516-30E9EEDBDAAD}"
EndProject
Global
	GlobalSection(SolutionConfigurationPlatforms) = preSolution
		Debug|Any CPU = Debug|Any CPU
		Release|Any CPU = Release|Any CPU
	EndGlobalSection
	GlobalSection(ProjectConfigurationPlatforms) = postSolution
		{8C1C13E8-E5C1-4525-BBB7-E6CE91095CEF}.Debug|Any CPU.ActiveCfg = Debug|Any CPU
		{8C1C13E8-E5C1-4525-BBB7-E6CE91095CEF}.Debug|Any CPU.Build.0 = Debug|Any CPU
		{8C1C13E8-E5C1-4525-BBB7-E6CE91095CEF}.Release|Any CPU.ActiveCfg = Release|Any CPU
		{8C1C13E8-E5C1-4525-BBB7-E6CE91095CEF}.Release|Any CPU.Build.0 = Release|Any CPU
		{E668918F-BBC0-4A9D-A516-30E9EEDBDAAD}.Debug|Any CPU.ActiveCfg = Debug|Any CPU
		{E668918F-BBC0-4A9D-A516-30E9EEDBDAAD}.Debug|Any CPU.Build.0 = Debug|Any CPU
		{E668918F-BBC0-4A9D-A516-30E9EEDBDAAD}.Release|Any CPU.ActiveCfg = Release|Any CPU
		{E668918F-BBC0-4A9D-A516-30E9EEDBDAAD}.Release|Any CPU.Build.0 = Release|Any CPU
	EndGlobalSection
	GlobalSection(SolutionProperties) = preSolution
		HideSolutionNode = FALSE
	EndGlobalSection
	GlobalSection(ExtensibilityGlobals) = postSolution
		SolutionGuid = {5FF41FD5-8F6E-4A53-BDE2-B3749A825651}
	EndGlobalSection
EndGlobal
