
Microsoft Visual Studio Solution File, Format Version 12.00
# Visual Studio Version 17
VisualStudioVersion = 17.7.34024.191
MinimumVisualStudioVersion = 10.0.40219.1
Project("{9A19103F-16F7-4668-BE54-9A1E7A4F7556}") = "Totoloto", "Totoloto.csproj", "{F069A1D3-9471-4392-886A-FE5B1053FBAA}"
EndProject
Project("{FAE04EC0-301F-11D3-BF4B-00C04F79EFBC}") = "TotolotoRepository", "..\TotolotoRepository\TotolotoRepository.csproj", "{602A4519-C5AA-4D1B-AA9F-4F61C06C3505}"
EndProject
Global
	GlobalSection(SolutionConfigurationPlatforms) = preSolution
		Debug|Any CPU = Debug|Any CPU
		Release|Any CPU = Release|Any CPU
	EndGlobalSection
	GlobalSection(ProjectConfigurationPlatforms) = postSolution
		{F069A1D3-9471-4392-886A-FE5B1053FBAA}.Debug|Any CPU.ActiveCfg = Debug|Any CPU
		{F069A1D3-9471-4392-886A-FE5B1053FBAA}.Debug|Any CPU.Build.0 = Debug|Any CPU
		{F069A1D3-9471-4392-886A-FE5B1053FBAA}.Release|Any CPU.ActiveCfg = Release|Any CPU
		{F069A1D3-9471-4392-886A-FE5B1053FBAA}.Release|Any CPU.Build.0 = Release|Any CPU
		{602A4519-C5AA-4D1B-AA9F-4F61C06C3505}.Debug|Any CPU.ActiveCfg = Debug|Any CPU
		{602A4519-C5AA-4D1B-AA9F-4F61C06C3505}.Debug|Any CPU.Build.0 = Debug|Any CPU
		{602A4519-C5AA-4D1B-AA9F-4F61C06C3505}.Release|Any CPU.ActiveCfg = Release|Any CPU
		{602A4519-C5AA-4D1B-AA9F-4F61C06C3505}.Release|Any CPU.Build.0 = Release|Any CPU
	EndGlobalSection
	GlobalSection(SolutionProperties) = preSolution
		HideSolutionNode = FALSE
	EndGlobalSection
	GlobalSection(ExtensibilityGlobals) = postSolution
		SolutionGuid = {5FF41FD5-8F6E-4A53-BDE2-B3749A825651}
	EndGlobalSection
EndGlobal
